
Microsoft Visual Studio Solution File, Format Version 12.00
# Visual Studio Version 16
VisualStudioVersion = 16.0.30907.101
MinimumVisualStudioVersion = 10.0.40219.1
Project("{FAE04EC0-301F-11D3-BF4B-00C04F79EFBC}") = "DrawTools", "DrawTools.csproj", "{BE0F5277-A9A5-4235-AD1D-A68A72EDA03C}"
EndProject
Global
	GlobalSection(SolutionConfigurationPlatforms) = preSolution
		Debug|Any CPU = Debug|Any CPU
		Release|Any CPU = Release|Any CPU
	EndGlobalSection
	GlobalSection(ProjectConfigurationPlatforms) = postSolution
		{BE0F5277-A9A5-4235-AD1D-A68A72EDA03C}.Debug|Any CPU.ActiveCfg = Debug|Any CPU
		{BE0F5277-A9A5-4235-AD1D-A68A72EDA03C}.Debug|Any CPU.Build.0 = Debug|Any CPU
		{BE0F5277-A9A5-4235-AD1D-A68A72EDA03C}.Release|Any CPU.ActiveCfg = Release|Any CPU
		{BE0F5277-A9A5-4235-AD1D-A68A72EDA03C}.Release|Any CPU.Build.0 = Release|Any CPU
	EndGlobalSection
	GlobalSection(SolutionProperties) = preSolution
		HideSolutionNode = FALSE
	EndGlobalSection
	GlobalSection(ExtensibilityGlobals) = postSolution
		SolutionGuid = {F7D098F6-7E6C-4092-9225-34682866B227}
	EndGlobalSection
EndGlobal
